// !$*UTF8*$!
{
	archiveVersion = 1;
	classes = {
	};
	objectVersion = 77;
	objects = {

/* Begin PBXBuildFile section */
		0596279E7155286C533087A5 /* ProxyConfigStateTests.swift in Sources */ = {isa = PBXBuildFile; fileRef = B5DF33A503D9A5EAB4166404 /* ProxyConfigStateTests.swift */; };
		0A138B861E4C31CA30F57321 /* BodyCompletenessTests.swift in Sources */ = {isa = PBXBuildFile; fileRef = 543FB0E1666E91A2FAFB1259 /* BodyCompletenessTests.swift */; };
		0C3D2D6DF305A9065ABEB1EF /* SeededRNG.swift in Sources */ = {isa = PBXBuildFile; fileRef = 2603E4A689D84FECFCD69D12 /* SeededRNG.swift */; };
		0F7E81BAFA7C74724201EB54 /* IMAPSession.swift in Sources */ = {isa = PBXBuildFile; fileRef = EA2148554E9EF016B1B83B1F /* IMAPSession.swift */; };
		146126565746E851913100B2 /* Assets.xcassets in Resources */ = {isa = PBXBuildFile; fileRef = 56B9453C38CC079125745AC8 /* Assets.xcassets */; };
		176319134E244076A6D32A6D /* ForAllTests.swift in Sources */ = {isa = PBXBuildFile; fileRef = 0649229767316E20454C74A6 /* ForAllTests.swift */; };
		17BB225EB35F1847D5C57B7E /* AddAccountView.swift in Sources */ = {isa = PBXBuildFile; fileRef = 3415F5DC40ADAD49F09977A1 /* AddAccountView.swift */; };
		19285F804F6884A30716E15E /* SeededRNGTests.swift in Sources */ = {isa = PBXBuildFile; fileRef = F3213D3CC90190DC70BF895C /* SeededRNGTests.swift */; };
		1AA0F64652F74C64A77804D5 /* CIDInlining.swift in Sources */ = {isa = PBXBuildFile; fileRef = D6E35FB9545ED62EE0922391 /* CIDInlining.swift */; };
		1DA1A0882FD4131DB44249F2 /* Keychain.swift in Sources */ = {isa = PBXBuildFile; fileRef = 98D419268CA68F3EEBD01D83 /* Keychain.swift */; };
		1DFC3F2DAF0EC366C0C09CA0 /* NIOCore in Frameworks */ = {isa = PBXBuildFile; productRef = F42875495E2357EB4CCAA6AE /* NIOCore */; };
		1F64783013E9A70E279347BB /* OpenInWindowSeamsTests.swift in Sources */ = {isa = PBXBuildFile; fileRef = 9C0CE5655AA276FA9A585782 /* OpenInWindowSeamsTests.swift */; };
		249EC9BE7F8321C47676CAA9 /* IMAPService.swift in Sources */ = {isa = PBXBuildFile; fileRef = 314CDDF0121DFE61BA2FDF2E /* IMAPService.swift */; };
		27B06ECDFD164C61AE683DEB /* HTMLMessageView.swift in Sources */ = {isa = PBXBuildFile; fileRef = 84C9AFA5D71E9151A6E887F5 /* HTMLMessageView.swift */; };
		28B813ABA7EE379BA20F8263 /* BodyCompleteness.swift in Sources */ = {isa = PBXBuildFile; fileRef = 1081BC96750597241E4AB372 /* BodyCompleteness.swift */; };
		2A1BAE094E6ACE80840E56C8 /* ReaderImageLoadStateTests.swift in Sources */ = {isa = PBXBuildFile; fileRef = DC94B4B5F477D3AAE2C700E5 /* ReaderImageLoadStateTests.swift */; };
		2A1D47A6E753328E3CEA1704 /* Generators.swift in Sources */ = {isa = PBXBuildFile; fileRef = 780066BE547CD3FF8C4BAAEA /* Generators.swift */; };
		2D95098881FED17987917AE5 /* AvatarSpecTests.swift in Sources */ = {isa = PBXBuildFile; fileRef = 3556BDB70B56741A0277850B /* AvatarSpecTests.swift */; };
		2EC4C2A3713E9ACB9F8D429B /* NIO in Frameworks */ = {isa = PBXBuildFile; productRef = 754158880378BA0D8626FFB3 /* NIO */; };
		325BAB283BD9B30C7B1C57A7 /* NIOPosix in Frameworks */ = {isa = PBXBuildFile; productRef = 27C0C790440FEB4DA4927CA2 /* NIOPosix */; };
		3A5F59074447F3A62FBE72D5 /* DarkEngineTests.swift in Sources */ = {isa = PBXBuildFile; fileRef = 8F41E326ACA998E6BB62AE7F /* DarkEngineTests.swift */; };
		3A71246EA78B2DFC1C0AC64E /* MenuModelTests.swift in Sources */ = {isa = PBXBuildFile; fileRef = EEE886100761CEDE03A80676 /* MenuModelTests.swift */; };
		482809988F6EB437DA58D4CD /* MiscViews.swift in Sources */ = {isa = PBXBuildFile; fileRef = 903AD651E0AA8087A7D60DFF /* MiscViews.swift */; };
		4981A459A999FC4B8E9F5803 /* RootView.swift in Sources */ = {isa = PBXBuildFile; fileRef = 2217A8D681EDC9DC08448B20 /* RootView.swift */; };
		4ADCEF16D475A4D0532993BB /* DetachedReaderView.swift in Sources */ = {isa = PBXBuildFile; fileRef = F21A449931ED70D1D1207E2B /* DetachedReaderView.swift */; };
		4DF7C8F96D531DF9CB1FF890 /* DockBadgeTests.swift in Sources */ = {isa = PBXBuildFile; fileRef = A6A4163DC7A8992EBF0012B9 /* DockBadgeTests.swift */; };
		5354C7D4409165444226CE30 /* ClassifyTests.swift in Sources */ = {isa = PBXBuildFile; fileRef = 7DCED4891A853A78BC84FFCA /* ClassifyTests.swift */; };
		536D999CA2DB6B43B547F476 /* WeatherService.swift in Sources */ = {isa = PBXBuildFile; fileRef = D55AA6D4C8349A644BFB08F5 /* WeatherService.swift */; };
		57108C2E27377BD076B44C3E /* darkreader.js in Resources */ = {isa = PBXBuildFile; fileRef = 345EF07F907FF858F30B66F1 /* darkreader.js */; };
		5844B178DDB4EA9D3ADAFEB9 /* ProxyConfigState.swift in Sources */ = {isa = PBXBuildFile; fileRef = 475A93C4AC76E56847218E1F /* ProxyConfigState.swift */; };
		595D32D0D26325C50DC138BE /* RichTextEditor.swift in Sources */ = {isa = PBXBuildFile; fileRef = 027847810F2667C4489873BC /* RichTextEditor.swift */; };
		5B362B36FF020226FF9BBBFB /* DedupByIdProperties.swift in Sources */ = {isa = PBXBuildFile; fileRef = 1214F2376A565FBA125FD04D /* DedupByIdProperties.swift */; };
		5B6226FBAB07AC5F325B9A40 /* HomeView.swift in Sources */ = {isa = PBXBuildFile; fileRef = 1EABA6D5E51F2CB475040F67 /* HomeView.swift */; };
		61164E07C300ED30D2AED5D6 /* MailAccountConfig.swift in Sources */ = {isa = PBXBuildFile; fileRef = 7605E1D3B63AA900A3661F9C /* MailAccountConfig.swift */; };
		61A5470686548D0923B9A374 /* MIME.swift in Sources */ = {isa = PBXBuildFile; fileRef = 496FBFE1599ECF1854FA4243 /* MIME.swift */; };
		61FA290401BCED1CB7485359 /* ManualAccountSetupView.swift in Sources */ = {isa = PBXBuildFile; fileRef = 0D01C5709231036FDB9444F7 /* ManualAccountSetupView.swift */; };
		63C8FFCEDFECD21D7D7C351D /* EmailListView.swift in Sources */ = {isa = PBXBuildFile; fileRef = 3FBA6EAD89232491D6FF8AAF /* EmailListView.swift */; };
		65C5F6F9035EF1353DB9307A /* SettingsView.swift in Sources */ = {isa = PBXBuildFile; fileRef = 9C44FF3EE733F7A86D87AE28 /* SettingsView.swift */; };
		664A0FAAB588C39E8CDC31C1 /* AvatarStore.swift in Sources */ = {isa = PBXBuildFile; fileRef = 6E1C2A6396539CA03A1C5FDF /* AvatarStore.swift */; };
		683D803BA3BF1064B65743A0 /* ParseRecipientsProperties.swift in Sources */ = {isa = PBXBuildFile; fileRef = 534F92077C89DFAEE2DBE839 /* ParseRecipientsProperties.swift */; };
		6AB5697973DD2DFA70DCD13A /* MMailApp.swift in Sources */ = {isa = PBXBuildFile; fileRef = 18C7B40E3AD387E3CF1B9256 /* MMailApp.swift */; };
		6F7B251114D6AC0C0EC1DFCA /* HelpSheetView.swift in Sources */ = {isa = PBXBuildFile; fileRef = B669678B83AECA83BA6DF4CD /* HelpSheetView.swift */; };
		70289C8E18AFF23A0FF1E46B /* ComposeView.swift in Sources */ = {isa = PBXBuildFile; fileRef = E2CF45DFB8B78E1224BD9514 /* ComposeView.swift */; };
		724B0BD8337C5B7A22384EDC /* MailCache.swift in Sources */ = {isa = PBXBuildFile; fileRef = B14BFD1E3DA5FBB37448F3FC /* MailCache.swift */; };
		7375C6381362203E8216C3D0 /* ImageProxyTests.swift in Sources */ = {isa = PBXBuildFile; fileRef = 1F3F5D5252E77C20D4411AAA /* ImageProxyTests.swift */; };
		76B2A0A2CDF524DBCB4EE5E6 /* MoveStrategyTests.swift in Sources */ = {isa = PBXBuildFile; fileRef = 00731FF03A6C03F55F73C3BA /* MoveStrategyTests.swift */; };
		7816788B343DCF37413C00FA /* AccountRailView.swift in Sources */ = {isa = PBXBuildFile; fileRef = 067FDA44372798C7B298D335 /* AccountRailView.swift */; };
		79881C9E5E0484CBE5BEC329 /* JournalArchiveView.swift in Sources */ = {isa = PBXBuildFile; fileRef = 1B99833A4A34A3B059F965D2 /* JournalArchiveView.swift */; };
		8240DB9802A6B1CF6F49FCD3 /* OnboardingView.swift in Sources */ = {isa = PBXBuildFile; fileRef = B1839AA4256AD539B7E201FD /* OnboardingView.swift */; };
		82FD7DC1B326B431F597D040 /* MailProvider.swift in Sources */ = {isa = PBXBuildFile; fileRef = EF0FD3634640269304B4DE33 /* MailProvider.swift */; };
		839C08C0B268C946970A9C32 /* QuickLook.swift in Sources */ = {isa = PBXBuildFile; fileRef = 6EC4277C859DBC1033E01D12 /* QuickLook.swift */; };
		83C3867C5B28CAD37E66AEB8 /* ProxySecretStore.swift in Sources */ = {isa = PBXBuildFile; fileRef = DCE3F1CD7EC6E7E41F63893D /* ProxySecretStore.swift */; };
		871F1CBE41DC465E669B1E5F /* ReaderImageLoadState.swift in Sources */ = {isa = PBXBuildFile; fileRef = 20C54BAB91AF76439EE6B9EC /* ReaderImageLoadState.swift */; };
		8AF18DAF53BE297222F01B80 /* AvatarSpec.swift in Sources */ = {isa = PBXBuildFile; fileRef = 48CE510C48B4FC0A7A9CA8AB /* AvatarSpec.swift */; };
		99D3EA2AB149562DAF3C6362 /* SearchResultsView.swift in Sources */ = {isa = PBXBuildFile; fileRef = 6AEEC3FA80A90CA8EAC08ECD /* SearchResultsView.swift */; };
		9A64757C7E1C42D9943F9967 /* MIMEProperties.swift in Sources */ = {isa = PBXBuildFile; fileRef = 04043577BAF81A16B42607E5 /* MIMEProperties.swift */; };
		A02C2B60C8C14F2837DC3BCB /* DarkEngineFeasibilityTests.swift in Sources */ = {isa = PBXBuildFile; fileRef = 66F0CD529C7CA55767A36A0A /* DarkEngineFeasibilityTests.swift */; };
		A0E4189C6C630B35D26E29B2 /* ForAllSmokeTests.swift in Sources */ = {isa = PBXBuildFile; fileRef = E9A5E7C83395FC5B1CB3CE04 /* ForAllSmokeTests.swift */; };
		A531BB607FF979E32825D772 /* Notifier.swift in Sources */ = {isa = PBXBuildFile; fileRef = 25E2E797661314505349C42D /* Notifier.swift */; };
		A727446EFD2A65F7EA7A2646 /* ImageProxy.swift in Sources */ = {isa = PBXBuildFile; fileRef = E4B1166FDCCB29E8F5298BAA /* ImageProxy.swift */; };
		B0BA08AB466E59C9742A188D /* SMTPService.swift in Sources */ = {isa = PBXBuildFile; fileRef = 274298C9FD13E7C8D90BB22E /* SMTPService.swift */; };
		B7635E5A653911A58EC8EC63 /* SampleData.swift in Sources */ = {isa = PBXBuildFile; fileRef = EE36DEB176137963E3CA7FE9 /* SampleData.swift */; };
		B76E5A7CF5E969E77F93542A /* darkreader.LICENSE in Resources */ = {isa = PBXBuildFile; fileRef = 6FD91A417D68E73D7BF37101 /* darkreader.LICENSE */; };
		B7A899BAA4C3DD629951E464 /* SidebarView.swift in Sources */ = {isa = PBXBuildFile; fileRef = 7B4AF498A0E6F2A7C049FDFD /* SidebarView.swift */; };
		B895E35C6C37202A764D5638 /* CleanLinkProperties.swift in Sources */ = {isa = PBXBuildFile; fileRef = 71E60C955FE0B61EFC788EF9 /* CleanLinkProperties.swift */; };
		BE505C010C09F6AFB384E8C9 /* AppModel.swift in Sources */ = {isa = PBXBuildFile; fileRef = 4E339A5381F119E119D179F2 /* AppModel.swift */; };
		C1D940DE4037688B2084641F /* ProxySecretStoreTests.swift in Sources */ = {isa = PBXBuildFile; fileRef = 9BF51D01F34777AB4792E72F /* ProxySecretStoreTests.swift */; };
		C2E07547425A80AD42EAD413 /* CommandPaletteView.swift in Sources */ = {isa = PBXBuildFile; fileRef = 4F9FE22A6CEE48BF1C394B2A /* CommandPaletteView.swift */; };
		CC5ED000189ABA9C357BED33 /* PeopleView.swift in Sources */ = {isa = PBXBuildFile; fileRef = 0F9E1FBE4FCEF6BB8A40762A /* PeopleView.swift */; };
		CC65D37A489EE01B6F692FCB /* CIDInliningTests.swift in Sources */ = {isa = PBXBuildFile; fileRef = E69C843AF3C2249C405EF07D /* CIDInliningTests.swift */; };
		CC7DF28D10C2AA0AD23C18C8 /* Theme.swift in Sources */ = {isa = PBXBuildFile; fileRef = E68E9DF829AD4EBED12B2F2E /* Theme.swift */; };
		D15A8EBFB7A1D4BEDCD62E47 /* OutboxView.swift in Sources */ = {isa = PBXBuildFile; fileRef = B7E054A4FFB969B6585FDC7C /* OutboxView.swift */; };
		D44F0647EB8CD4A4165C6230 /* ForAll.swift in Sources */ = {isa = PBXBuildFile; fileRef = 6AA1B25C3AD475F5E76149ED /* ForAll.swift */; };
		D913BC78DC57ACB3CFAEAA8E /* Models.swift in Sources */ = {isa = PBXBuildFile; fileRef = 1584790EAAE22906433DB5A3 /* Models.swift */; };
		DAA3EEFB210F90C7167740E9 /* TrustedSendersTests.swift in Sources */ = {isa = PBXBuildFile; fileRef = 08631BCC942D57B3F00F30AB /* TrustedSendersTests.swift */; };
		E28D22590C335D17946A9353 /* TrustedSenders.swift in Sources */ = {isa = PBXBuildFile; fileRef = 1B1A2170BA27CBC4E2E4B08D /* TrustedSenders.swift */; };
		E2BA25DBDE230E7D13F17556 /* NIOSSL in Frameworks */ = {isa = PBXBuildFile; productRef = 7F67843ADB475401132163CE /* NIOSSL */; };
		E4A244B8CB12DB2C8DE2B069 /* AdvancedSearchView.swift in Sources */ = {isa = PBXBuildFile; fileRef = BCF837DA11612E96523D7324 /* AdvancedSearchView.swift */; };
		EA40ADB097638019E587422A /* MenuModel.swift in Sources */ = {isa = PBXBuildFile; fileRef = 2B21F390F3D03054C125A880 /* MenuModel.swift */; };
		EC92A56103B0763DEEB778F6 /* DisplayFormattingTests.swift in Sources */ = {isa = PBXBuildFile; fileRef = A473B68689B03F79C3F1B514 /* DisplayFormattingTests.swift */; };
		EDF6BA1F4277388005EA5BDA /* ReaderView.swift in Sources */ = {isa = PBXBuildFile; fileRef = 3B303764555CA0F1AA5D6431 /* ReaderView.swift */; };
		F7178A73DD13D48B77E377D0 /* Atoms.swift in Sources */ = {isa = PBXBuildFile; fileRef = FC7062ED4848255AFB2D1992 /* Atoms.swift */; };
		F9D622A3054E831F4DE20D1E /* SmokeTests.swift in Sources */ = {isa = PBXBuildFile; fileRef = 9FF62F5D25A3B7EBCF065FB8 /* SmokeTests.swift */; };
		FAD1D259B8395302EEB3C64B /* NIOIMAP in Frameworks */ = {isa = PBXBuildFile; productRef = 95385FAB221056A9B50D7261 /* NIOIMAP */; };
		FEE0524D7C46394D2AEC35DE /* GeneratorsTests.swift in Sources */ = {isa = PBXBuildFile; fileRef = 14E0D2516F70A53B36F44534 /* GeneratorsTests.swift */; };
/* End PBXBuildFile section */

/* Begin PBXContainerItemProxy section */
		8D23A89D2FFD2FDC63B73EE7 /* PBXContainerItemProxy */ = {
			isa = PBXContainerItemProxy;
			containerPortal = 7F210DE68C92080F2962BB1C /* Project object */;
			proxyType = 1;
			remoteGlobalIDString = 148FB4CA6DD5085BB9C5EE7B;
			remoteInfo = MMail;
		};
/* End PBXContainerItemProxy section */

/* Begin PBXFileReference section */
		00731FF03A6C03F55F73C3BA /* MoveStrategyTests.swift */ = {isa = PBXFileReference; lastKnownFileType = sourcecode.swift; path = MoveStrategyTests.swift; sourceTree = "<group>"; };
		027847810F2667C4489873BC /* RichTextEditor.swift */ = {isa = PBXFileReference; lastKnownFileType = sourcecode.swift; path = RichTextEditor.swift; sourceTree = "<group>"; };
		04043577BAF81A16B42607E5 /* MIMEProperties.swift */ = {isa = PBXFileReference; lastKnownFileType = sourcecode.swift; path = MIMEProperties.swift; sourceTree = "<group>"; };
		0649229767316E20454C74A6 /* ForAllTests.swift */ = {isa = PBXFileReference; lastKnownFileType = sourcecode.swift; path = ForAllTests.swift; sourceTree = "<group>"; };
		067FDA44372798C7B298D335 /* AccountRailView.swift */ = {isa = PBXFileReference; lastKnownFileType = sourcecode.swift; path = AccountRailView.swift; sourceTree = "<group>"; };
		08631BCC942D57B3F00F30AB /* TrustedSendersTests.swift */ = {isa = PBXFileReference; lastKnownFileType = sourcecode.swift; path = TrustedSendersTests.swift; sourceTree = "<group>"; };
		0D01C5709231036FDB9444F7 /* ManualAccountSetupView.swift */ = {isa = PBXFileReference; lastKnownFileType = sourcecode.swift; path = ManualAccountSetupView.swift; sourceTree = "<group>"; };
		0F9E1FBE4FCEF6BB8A40762A /* PeopleView.swift */ = {isa = PBXFileReference; lastKnownFileType = sourcecode.swift; path = PeopleView.swift; sourceTree = "<group>"; };
		1081BC96750597241E4AB372 /* BodyCompleteness.swift */ = {isa = PBXFileReference; lastKnownFileType = sourcecode.swift; path = BodyCompleteness.swift; sourceTree = "<group>"; };
		1214F2376A565FBA125FD04D /* DedupByIdProperties.swift */ = {isa = PBXFileReference; lastKnownFileType = sourcecode.swift; path = DedupByIdProperties.swift; sourceTree = "<group>"; };
		14E0D2516F70A53B36F44534 /* GeneratorsTests.swift */ = {isa = PBXFileReference; lastKnownFileType = sourcecode.swift; path = GeneratorsTests.swift; sourceTree = "<group>"; };
		1584790EAAE22906433DB5A3 /* Models.swift */ = {isa = PBXFileReference; lastKnownFileType = sourcecode.swift; path = Models.swift; sourceTree = "<group>"; };
		18C7B40E3AD387E3CF1B9256 /* MMailApp.swift */ = {isa = PBXFileReference; lastKnownFileType = sourcecode.swift; path = MMailApp.swift; sourceTree = "<group>"; };
		1B1A2170BA27CBC4E2E4B08D /* TrustedSenders.swift */ = {isa = PBXFileReference; lastKnownFileType = sourcecode.swift; path = TrustedSenders.swift; sourceTree = "<group>"; };
		1B99833A4A34A3B059F965D2 /* JournalArchiveView.swift */ = {isa = PBXFileReference; lastKnownFileType = sourcecode.swift; path = JournalArchiveView.swift; sourceTree = "<group>"; };
		1EABA6D5E51F2CB475040F67 /* HomeView.swift */ = {isa = PBXFileReference; lastKnownFileType = sourcecode.swift; path = HomeView.swift; sourceTree = "<group>"; };
		1F3F5D5252E77C20D4411AAA /* ImageProxyTests.swift */ = {isa = PBXFileReference; lastKnownFileType = sourcecode.swift; path = ImageProxyTests.swift; sourceTree = "<group>"; };
		20C54BAB91AF76439EE6B9EC /* ReaderImageLoadState.swift */ = {isa = PBXFileReference; lastKnownFileType = sourcecode.swift; path = ReaderImageLoadState.swift; sourceTree = "<group>"; };
		2217A8D681EDC9DC08448B20 /* RootView.swift */ = {isa = PBXFileReference; lastKnownFileType = sourcecode.swift; path = RootView.swift; sourceTree = "<group>"; };
		25E2E797661314505349C42D /* Notifier.swift */ = {isa = PBXFileReference; lastKnownFileType = sourcecode.swift; path = Notifier.swift; sourceTree = "<group>"; };
		2603E4A689D84FECFCD69D12 /* SeededRNG.swift */ = {isa = PBXFileReference; lastKnownFileType = sourcecode.swift; path = SeededRNG.swift; sourceTree = "<group>"; };
		274298C9FD13E7C8D90BB22E /* SMTPService.swift */ = {isa = PBXFileReference; lastKnownFileType = sourcecode.swift; path = SMTPService.swift; sourceTree = "<group>"; };
		2B21F390F3D03054C125A880 /* MenuModel.swift */ = {isa = PBXFileReference; lastKnownFileType = sourcecode.swift; path = MenuModel.swift; sourceTree = "<group>"; };
		314CDDF0121DFE61BA2FDF2E /* IMAPService.swift */ = {isa = PBXFileReference; lastKnownFileType = sourcecode.swift; path = IMAPService.swift; sourceTree = "<group>"; };
		3415F5DC40ADAD49F09977A1 /* AddAccountView.swift */ = {isa = PBXFileReference; lastKnownFileType = sourcecode.swift; path = AddAccountView.swift; sourceTree = "<group>"; };
		345EF07F907FF858F30B66F1 /* darkreader.js */ = {isa = PBXFileReference; lastKnownFileType = sourcecode.javascript; path = darkreader.js; sourceTree = "<group>"; };
		3556BDB70B56741A0277850B /* AvatarSpecTests.swift */ = {isa = PBXFileReference; lastKnownFileType = sourcecode.swift; path = AvatarSpecTests.swift; sourceTree = "<group>"; };
		3717DE86372DA2EB6CD1D04A /* MMail.app */ = {isa = PBXFileReference; explicitFileType = wrapper.application; includeInIndex = 0; path = MMail.app; sourceTree = BUILT_PRODUCTS_DIR; };
		3B303764555CA0F1AA5D6431 /* ReaderView.swift */ = {isa = PBXFileReference; lastKnownFileType = sourcecode.swift; path = ReaderView.swift; sourceTree = "<group>"; };
		3FBA6EAD89232491D6FF8AAF /* EmailListView.swift */ = {isa = PBXFileReference; lastKnownFileType = sourcecode.swift; path = EmailListView.swift; sourceTree = "<group>"; };
		475A93C4AC76E56847218E1F /* ProxyConfigState.swift */ = {isa = PBXFileReference; lastKnownFileType = sourcecode.swift; path = ProxyConfigState.swift; sourceTree = "<group>"; };
		48CE510C48B4FC0A7A9CA8AB /* AvatarSpec.swift */ = {isa = PBXFileReference; lastKnownFileType = sourcecode.swift; path = AvatarSpec.swift; sourceTree = "<group>"; };
		496FBFE1599ECF1854FA4243 /* MIME.swift */ = {isa = PBXFileReference; lastKnownFileType = sourcecode.swift; path = MIME.swift; sourceTree = "<group>"; };
		4E339A5381F119E119D179F2 /* AppModel.swift */ = {isa = PBXFileReference; lastKnownFileType = sourcecode.swift; path = AppModel.swift; sourceTree = "<group>"; };
		4F9FE22A6CEE48BF1C394B2A /* CommandPaletteView.swift */ = {isa = PBXFileReference; lastKnownFileType = sourcecode.swift; path = CommandPaletteView.swift; sourceTree = "<group>"; };
		534F92077C89DFAEE2DBE839 /* ParseRecipientsProperties.swift */ = {isa = PBXFileReference; lastKnownFileType = sourcecode.swift; path = ParseRecipientsProperties.swift; sourceTree = "<group>"; };
		543FB0E1666E91A2FAFB1259 /* BodyCompletenessTests.swift */ = {isa = PBXFileReference; lastKnownFileType = sourcecode.swift; path = BodyCompletenessTests.swift; sourceTree = "<group>"; };
		56B9453C38CC079125745AC8 /* Assets.xcassets */ = {isa = PBXFileReference; lastKnownFileType = folder.assetcatalog; path = Assets.xcassets; sourceTree = "<group>"; };
		66F0CD529C7CA55767A36A0A /* DarkEngineFeasibilityTests.swift */ = {isa = PBXFileReference; lastKnownFileType = sourcecode.swift; path = DarkEngineFeasibilityTests.swift; sourceTree = "<group>"; };
		6AA1B25C3AD475F5E76149ED /* ForAll.swift */ = {isa = PBXFileReference; lastKnownFileType = sourcecode.swift; path = ForAll.swift; sourceTree = "<group>"; };
		6AEEC3FA80A90CA8EAC08ECD /* SearchResultsView.swift */ = {isa = PBXFileReference; lastKnownFileType = sourcecode.swift; path = SearchResultsView.swift; sourceTree = "<group>"; };
		6E1C2A6396539CA03A1C5FDF /* AvatarStore.swift */ = {isa = PBXFileReference; lastKnownFileType = sourcecode.swift; path = AvatarStore.swift; sourceTree = "<group>"; };
		6EC4277C859DBC1033E01D12 /* QuickLook.swift */ = {isa = PBXFileReference; lastKnownFileType = sourcecode.swift; path = QuickLook.swift; sourceTree = "<group>"; };
		6FD91A417D68E73D7BF37101 /* darkreader.LICENSE */ = {isa = PBXFileReference; path = darkreader.LICENSE; sourceTree = "<group>"; };
		71E60C955FE0B61EFC788EF9 /* CleanLinkProperties.swift */ = {isa = PBXFileReference; lastKnownFileType = sourcecode.swift; path = CleanLinkProperties.swift; sourceTree = "<group>"; };
		7605E1D3B63AA900A3661F9C /* MailAccountConfig.swift */ = {isa = PBXFileReference; lastKnownFileType = sourcecode.swift; path = MailAccountConfig.swift; sourceTree = "<group>"; };
		780066BE547CD3FF8C4BAAEA /* Generators.swift */ = {isa = PBXFileReference; lastKnownFileType = sourcecode.swift; path = Generators.swift; sourceTree = "<group>"; };
		7B4AF498A0E6F2A7C049FDFD /* SidebarView.swift */ = {isa = PBXFileReference; lastKnownFileType = sourcecode.swift; path = SidebarView.swift; sourceTree = "<group>"; };
		7DCED4891A853A78BC84FFCA /* ClassifyTests.swift */ = {isa = PBXFileReference; lastKnownFileType = sourcecode.swift; path = ClassifyTests.swift; sourceTree = "<group>"; };
		84C9AFA5D71E9151A6E887F5 /* HTMLMessageView.swift */ = {isa = PBXFileReference; lastKnownFileType = sourcecode.swift; path = HTMLMessageView.swift; sourceTree = "<group>"; };
		8F41E326ACA998E6BB62AE7F /* DarkEngineTests.swift */ = {isa = PBXFileReference; lastKnownFileType = sourcecode.swift; path = DarkEngineTests.swift; sourceTree = "<group>"; };
		903AD651E0AA8087A7D60DFF /* MiscViews.swift */ = {isa = PBXFileReference; lastKnownFileType = sourcecode.swift; path = MiscViews.swift; sourceTree = "<group>"; };
		98D419268CA68F3EEBD01D83 /* Keychain.swift */ = {isa = PBXFileReference; lastKnownFileType = sourcecode.swift; path = Keychain.swift; sourceTree = "<group>"; };
		9BF51D01F34777AB4792E72F /* ProxySecretStoreTests.swift */ = {isa = PBXFileReference; lastKnownFileType = sourcecode.swift; path = ProxySecretStoreTests.swift; sourceTree = "<group>"; };
		9C0CE5655AA276FA9A585782 /* OpenInWindowSeamsTests.swift */ = {isa = PBXFileReference; lastKnownFileType = sourcecode.swift; path = OpenInWindowSeamsTests.swift; sourceTree = "<group>"; };
		9C44FF3EE733F7A86D87AE28 /* SettingsView.swift */ = {isa = PBXFileReference; lastKnownFileType = sourcecode.swift; path = SettingsView.swift; sourceTree = "<group>"; };
		9FF62F5D25A3B7EBCF065FB8 /* SmokeTests.swift */ = {isa = PBXFileReference; lastKnownFileType = sourcecode.swift; path = SmokeTests.swift; sourceTree = "<group>"; };
		A473B68689B03F79C3F1B514 /* DisplayFormattingTests.swift */ = {isa = PBXFileReference; lastKnownFileType = sourcecode.swift; path = DisplayFormattingTests.swift; sourceTree = "<group>"; };
		A6A4163DC7A8992EBF0012B9 /* DockBadgeTests.swift */ = {isa = PBXFileReference; lastKnownFileType = sourcecode.swift; path = DockBadgeTests.swift; sourceTree = "<group>"; };
		B14BFD1E3DA5FBB37448F3FC /* MailCache.swift */ = {isa = PBXFileReference; lastKnownFileType = sourcecode.swift; path = MailCache.swift; sourceTree = "<group>"; };
		B1839AA4256AD539B7E201FD /* OnboardingView.swift */ = {isa = PBXFileReference; lastKnownFileType = sourcecode.swift; path = OnboardingView.swift; sourceTree = "<group>"; };
		B5DF33A503D9A5EAB4166404 /* ProxyConfigStateTests.swift */ = {isa = PBXFileReference; lastKnownFileType = sourcecode.swift; path = ProxyConfigStateTests.swift; sourceTree = "<group>"; };
		B669678B83AECA83BA6DF4CD /* HelpSheetView.swift */ = {isa = PBXFileReference; lastKnownFileType = sourcecode.swift; path = HelpSheetView.swift; sourceTree = "<group>"; };
		B7E054A4FFB969B6585FDC7C /* OutboxView.swift */ = {isa = PBXFileReference; lastKnownFileType = sourcecode.swift; path = OutboxView.swift; sourceTree = "<group>"; };
		BCF837DA11612E96523D7324 /* AdvancedSearchView.swift */ = {isa = PBXFileReference; lastKnownFileType = sourcecode.swift; path = AdvancedSearchView.swift; sourceTree = "<group>"; };
		D55AA6D4C8349A644BFB08F5 /* WeatherService.swift */ = {isa = PBXFileReference; lastKnownFileType = sourcecode.swift; path = WeatherService.swift; sourceTree = "<group>"; };
		D6E35FB9545ED62EE0922391 /* CIDInlining.swift */ = {isa = PBXFileReference; lastKnownFileType = sourcecode.swift; path = CIDInlining.swift; sourceTree = "<group>"; };
		DC94B4B5F477D3AAE2C700E5 /* ReaderImageLoadStateTests.swift */ = {isa = PBXFileReference; lastKnownFileType = sourcecode.swift; path = ReaderImageLoadStateTests.swift; sourceTree = "<group>"; };
		DCE3F1CD7EC6E7E41F63893D /* ProxySecretStore.swift */ = {isa = PBXFileReference; lastKnownFileType = sourcecode.swift; path = ProxySecretStore.swift; sourceTree = "<group>"; };
		E2CF45DFB8B78E1224BD9514 /* ComposeView.swift */ = {isa = PBXFileReference; lastKnownFileType = sourcecode.swift; path = ComposeView.swift; sourceTree = "<group>"; };
		E4B1166FDCCB29E8F5298BAA /* ImageProxy.swift */ = {isa = PBXFileReference; lastKnownFileType = sourcecode.swift; path = ImageProxy.swift; sourceTree = "<group>"; };
		E68E9DF829AD4EBED12B2F2E /* Theme.swift */ = {isa = PBXFileReference; lastKnownFileType = sourcecode.swift; path = Theme.swift; sourceTree = "<group>"; };
		E69C843AF3C2249C405EF07D /* CIDInliningTests.swift */ = {isa = PBXFileReference; lastKnownFileType = sourcecode.swift; path = CIDInliningTests.swift; sourceTree = "<group>"; };
		E7292F99D4DC4A62C6721CE1 /* MMailTests.xctest */ = {isa = PBXFileReference; explicitFileType = wrapper.cfbundle; includeInIndex = 0; path = MMailTests.xctest; sourceTree = BUILT_PRODUCTS_DIR; };
		E9A5E7C83395FC5B1CB3CE04 /* ForAllSmokeTests.swift */ = {isa = PBXFileReference; lastKnownFileType = sourcecode.swift; path = ForAllSmokeTests.swift; sourceTree = "<group>"; };
		EA2148554E9EF016B1B83B1F /* IMAPSession.swift */ = {isa = PBXFileReference; lastKnownFileType = sourcecode.swift; path = IMAPSession.swift; sourceTree = "<group>"; };
		EE36DEB176137963E3CA7FE9 /* SampleData.swift */ = {isa = PBXFileReference; lastKnownFileType = sourcecode.swift; path = SampleData.swift; sourceTree = "<group>"; };
		EEE886100761CEDE03A80676 /* MenuModelTests.swift */ = {isa = PBXFileReference; lastKnownFileType = sourcecode.swift; path = MenuModelTests.swift; sourceTree = "<group>"; };
		EF0FD3634640269304B4DE33 /* MailProvider.swift */ = {isa = PBXFileReference; lastKnownFileType = sourcecode.swift; path = MailProvider.swift; sourceTree = "<group>"; };
		F21A449931ED70D1D1207E2B /* DetachedReaderView.swift */ = {isa = PBXFileReference; lastKnownFileType = sourcecode.swift; path = DetachedReaderView.swift; sourceTree = "<group>"; };
		F3213D3CC90190DC70BF895C /* SeededRNGTests.swift */ = {isa = PBXFileReference; lastKnownFileType = sourcecode.swift; path = SeededRNGTests.swift; sourceTree = "<group>"; };
		FC7062ED4848255AFB2D1992 /* Atoms.swift */ = {isa = PBXFileReference; lastKnownFileType = sourcecode.swift; path = Atoms.swift; sourceTree = "<group>"; };
/* End PBXFileReference section */

/* Begin PBXFrameworksBuildPhase section */
		482BE8EE1DBD07CD0A22309C /* Frameworks */ = {
			isa = PBXFrameworksBuildPhase;
			buildActionMask = 2147483647;
			files = (
				2EC4C2A3713E9ACB9F8D429B /* NIO in Frameworks */,
				1DFC3F2DAF0EC366C0C09CA0 /* NIOCore in Frameworks */,
				325BAB283BD9B30C7B1C57A7 /* NIOPosix in Frameworks */,
				E2BA25DBDE230E7D13F17556 /* NIOSSL in Frameworks */,
				FAD1D259B8395302EEB3C64B /* NIOIMAP in Frameworks */,
			);
			runOnlyForDeploymentPostprocessing = 0;
		};
/* End PBXFrameworksBuildPhase section */

/* Begin PBXGroup section */
		00C7D008849F7386CC957B8A /* State */ = {
			isa = PBXGroup;
			children = (
				4E339A5381F119E119D179F2 /* AppModel.swift */,
				2B21F390F3D03054C125A880 /* MenuModel.swift */,
			);
			path = State;
			sourceTree = "<group>";
		};
		1B6D7051DE94829C05B1057E /* Models */ = {
			isa = PBXGroup;
			children = (
				48CE510C48B4FC0A7A9CA8AB /* AvatarSpec.swift */,
				1584790EAAE22906433DB5A3 /* Models.swift */,
				EE36DEB176137963E3CA7FE9 /* SampleData.swift */,
			);
			path = Models;
			sourceTree = "<group>";
		};
		40876145EE0BFD2170EE60EF /* PropertyTesting */ = {
			isa = PBXGroup;
			children = (
				6AA1B25C3AD475F5E76149ED /* ForAll.swift */,
				E9A5E7C83395FC5B1CB3CE04 /* ForAllSmokeTests.swift */,
				0649229767316E20454C74A6 /* ForAllTests.swift */,
				780066BE547CD3FF8C4BAAEA /* Generators.swift */,
				14E0D2516F70A53B36F44534 /* GeneratorsTests.swift */,
				2603E4A689D84FECFCD69D12 /* SeededRNG.swift */,
				F3213D3CC90190DC70BF895C /* SeededRNGTests.swift */,
			);
			path = PropertyTesting;
			sourceTree = "<group>";
		};
		46660F53D031ECF79743F93C /* Products */ = {
			isa = PBXGroup;
			children = (
				3717DE86372DA2EB6CD1D04A /* MMail.app */,
				E7292F99D4DC4A62C6721CE1 /* MMailTests.xctest */,
			);
			name = Products;
			sourceTree = "<group>";
		};
		5EE6176948ACCAD6823E2F20 = {
			isa = PBXGroup;
			children = (
				89BC115E030851168966F292 /* MMail */,
				E69206C5220FEFE0783CCEB1 /* MMailTests */,
				46660F53D031ECF79743F93C /* Products */,
			);
			sourceTree = "<group>";
		};
		65884CCB71F7E4B729A65A42 /* Properties */ = {
			isa = PBXGroup;
			children = (
				71E60C955FE0B61EFC788EF9 /* CleanLinkProperties.swift */,
				1214F2376A565FBA125FD04D /* DedupByIdProperties.swift */,
				04043577BAF81A16B42607E5 /* MIMEProperties.swift */,
				534F92077C89DFAEE2DBE839 /* ParseRecipientsProperties.swift */,
			);
			path = Properties;
			sourceTree = "<group>";
		};
		767C58A32921D8905FE1C564 /* Resources */ = {
			isa = PBXGroup;
			children = (
				345EF07F907FF858F30B66F1 /* darkreader.js */,
				6FD91A417D68E73D7BF37101 /* darkreader.LICENSE */,
			);
			path = Resources;
			sourceTree = "<group>";
		};
		89BC115E030851168966F292 /* MMail */ = {
			isa = PBXGroup;
			children = (
				FFA451DEF86DBE796013DCE8 /* Components */,
				EE29428FC16FA34B0AD24A66 /* Mail */,
				1B6D7051DE94829C05B1057E /* Models */,
				767C58A32921D8905FE1C564 /* Resources */,
				00C7D008849F7386CC957B8A /* State */,
				BBB7813289CF9AAB1A4610BA /* Theme */,
				A62B340AB6D22DC678C64DE6 /* Views */,
				56B9453C38CC079125745AC8 /* Assets.xcassets */,
				18C7B40E3AD387E3CF1B9256 /* MMailApp.swift */,
			);
			path = MMail;
			sourceTree = "<group>";
		};
		A62B340AB6D22DC678C64DE6 /* Views */ = {
			isa = PBXGroup;
			children = (
				067FDA44372798C7B298D335 /* AccountRailView.swift */,
				3415F5DC40ADAD49F09977A1 /* AddAccountView.swift */,
				BCF837DA11612E96523D7324 /* AdvancedSearchView.swift */,
				4F9FE22A6CEE48BF1C394B2A /* CommandPaletteView.swift */,
				E2CF45DFB8B78E1224BD9514 /* ComposeView.swift */,
				F21A449931ED70D1D1207E2B /* DetachedReaderView.swift */,
				3FBA6EAD89232491D6FF8AAF /* EmailListView.swift */,
				B669678B83AECA83BA6DF4CD /* HelpSheetView.swift */,
				1EABA6D5E51F2CB475040F67 /* HomeView.swift */,
				84C9AFA5D71E9151A6E887F5 /* HTMLMessageView.swift */,
				1B99833A4A34A3B059F965D2 /* JournalArchiveView.swift */,
				0D01C5709231036FDB9444F7 /* ManualAccountSetupView.swift */,
				B1839AA4256AD539B7E201FD /* OnboardingView.swift */,
				B7E054A4FFB969B6585FDC7C /* OutboxView.swift */,
				0F9E1FBE4FCEF6BB8A40762A /* PeopleView.swift */,
				3B303764555CA0F1AA5D6431 /* ReaderView.swift */,
				027847810F2667C4489873BC /* RichTextEditor.swift */,
				2217A8D681EDC9DC08448B20 /* RootView.swift */,
				6AEEC3FA80A90CA8EAC08ECD /* SearchResultsView.swift */,
				9C44FF3EE733F7A86D87AE28 /* SettingsView.swift */,
				7B4AF498A0E6F2A7C049FDFD /* SidebarView.swift */,
			);
			path = Views;
			sourceTree = "<group>";
		};
		BBB7813289CF9AAB1A4610BA /* Theme */ = {
			isa = PBXGroup;
			children = (
				E68E9DF829AD4EBED12B2F2E /* Theme.swift */,
			);
			path = Theme;
			sourceTree = "<group>";
		};
		E69206C5220FEFE0783CCEB1 /* MMailTests */ = {
			isa = PBXGroup;
			children = (
				65884CCB71F7E4B729A65A42 /* Properties */,
				40876145EE0BFD2170EE60EF /* PropertyTesting */,
				3556BDB70B56741A0277850B /* AvatarSpecTests.swift */,
				543FB0E1666E91A2FAFB1259 /* BodyCompletenessTests.swift */,
				E69C843AF3C2249C405EF07D /* CIDInliningTests.swift */,
				7DCED4891A853A78BC84FFCA /* ClassifyTests.swift */,
				66F0CD529C7CA55767A36A0A /* DarkEngineFeasibilityTests.swift */,
				8F41E326ACA998E6BB62AE7F /* DarkEngineTests.swift */,
				A473B68689B03F79C3F1B514 /* DisplayFormattingTests.swift */,
				A6A4163DC7A8992EBF0012B9 /* DockBadgeTests.swift */,
				1F3F5D5252E77C20D4411AAA /* ImageProxyTests.swift */,
				EEE886100761CEDE03A80676 /* MenuModelTests.swift */,
				00731FF03A6C03F55F73C3BA /* MoveStrategyTests.swift */,
				9C0CE5655AA276FA9A585782 /* OpenInWindowSeamsTests.swift */,
				B5DF33A503D9A5EAB4166404 /* ProxyConfigStateTests.swift */,
				9BF51D01F34777AB4792E72F /* ProxySecretStoreTests.swift */,
				DC94B4B5F477D3AAE2C700E5 /* ReaderImageLoadStateTests.swift */,
				9FF62F5D25A3B7EBCF065FB8 /* SmokeTests.swift */,
				08631BCC942D57B3F00F30AB /* TrustedSendersTests.swift */,
			);
			path = MMailTests;
			sourceTree = "<group>";
		};
		EE29428FC16FA34B0AD24A66 /* Mail */ = {
			isa = PBXGroup;
			children = (
				6E1C2A6396539CA03A1C5FDF /* AvatarStore.swift */,
				1081BC96750597241E4AB372 /* BodyCompleteness.swift */,
				D6E35FB9545ED62EE0922391 /* CIDInlining.swift */,
				E4B1166FDCCB29E8F5298BAA /* ImageProxy.swift */,
				314CDDF0121DFE61BA2FDF2E /* IMAPService.swift */,
				EA2148554E9EF016B1B83B1F /* IMAPSession.swift */,
				98D419268CA68F3EEBD01D83 /* Keychain.swift */,
				7605E1D3B63AA900A3661F9C /* MailAccountConfig.swift */,
				B14BFD1E3DA5FBB37448F3FC /* MailCache.swift */,
				EF0FD3634640269304B4DE33 /* MailProvider.swift */,
				496FBFE1599ECF1854FA4243 /* MIME.swift */,
				25E2E797661314505349C42D /* Notifier.swift */,
				475A93C4AC76E56847218E1F /* ProxyConfigState.swift */,
				DCE3F1CD7EC6E7E41F63893D /* ProxySecretStore.swift */,
				6EC4277C859DBC1033E01D12 /* QuickLook.swift */,
				20C54BAB91AF76439EE6B9EC /* ReaderImageLoadState.swift */,
				274298C9FD13E7C8D90BB22E /* SMTPService.swift */,
				1B1A2170BA27CBC4E2E4B08D /* TrustedSenders.swift */,
				D55AA6D4C8349A644BFB08F5 /* WeatherService.swift */,
			);
			path = Mail;
			sourceTree = "<group>";
		};
		FFA451DEF86DBE796013DCE8 /* Components */ = {
			isa = PBXGroup;
			children = (
				FC7062ED4848255AFB2D1992 /* Atoms.swift */,
				903AD651E0AA8087A7D60DFF /* MiscViews.swift */,
			);
			path = Components;
			sourceTree = "<group>";
		};
/* End PBXGroup section */

/* Begin PBXNativeTarget section */
		148FB4CA6DD5085BB9C5EE7B /* MMail */ = {
			isa = PBXNativeTarget;
			buildConfigurationList = 4B3635B7371636B85C988679 /* Build configuration list for PBXNativeTarget "MMail" */;
			buildPhases = (
				CBECEB013E788022F17ADD98 /* Sources */,
				83222411774B17276E88D741 /* Resources */,
				482BE8EE1DBD07CD0A22309C /* Frameworks */,
			);
			buildRules = (
			);
			dependencies = (
			);
			name = MMail;
			packageProductDependencies = (
				754158880378BA0D8626FFB3 /* NIO */,
				F42875495E2357EB4CCAA6AE /* NIOCore */,
				27C0C790440FEB4DA4927CA2 /* NIOPosix */,
				7F67843ADB475401132163CE /* NIOSSL */,
				95385FAB221056A9B50D7261 /* NIOIMAP */,
			);
			productName = MMail;
			productReference = 3717DE86372DA2EB6CD1D04A /* MMail.app */;
			productType = "com.apple.product-type.application";
		};
		D91C03D350D1135915B86751 /* MMailTests */ = {
			isa = PBXNativeTarget;
			buildConfigurationList = F5F88DFEE52183F56E3542C5 /* Build configuration list for PBXNativeTarget "MMailTests" */;
			buildPhases = (
				34201C386DDFBBF1AACC8449 /* Sources */,
			);
			buildRules = (
			);
			dependencies = (
				D5A71D2917BD940073E60C45 /* PBXTargetDependency */,
			);
			name = MMailTests;
			packageProductDependencies = (
			);
			productName = MMailTests;
			productReference = E7292F99D4DC4A62C6721CE1 /* MMailTests.xctest */;
			productType = "com.apple.product-type.bundle.unit-test";
		};
/* End PBXNativeTarget section */

/* Begin PBXProject section */
		7F210DE68C92080F2962BB1C /* Project object */ = {
			isa = PBXProject;
			attributes = {
				BuildIndependentTargetsInParallel = YES;
				LastUpgradeCheck = 1430;
				TargetAttributes = {
					148FB4CA6DD5085BB9C5EE7B = {
						DevelopmentTeam = "";
						ProvisioningStyle = Automatic;
					};
					D91C03D350D1135915B86751 = {
						DevelopmentTeam = "";
						ProvisioningStyle = Automatic;
					};
				};
			};
			buildConfigurationList = 43348D316485994AFE82BECB /* Build configuration list for PBXProject "MMail" */;
			developmentRegion = en;
			hasScannedForEncodings = 0;
			knownRegions = (
				Base,
				en,
			);
			mainGroup = 5EE6176948ACCAD6823E2F20;
			minimizedProjectReferenceProxies = 1;
			packageReferences = (
				336930C2BC13A236B0D4EA6C /* XCRemoteSwiftPackageReference "swift-nio" */,
				EBE3F90D2D7C25E1ADD84C5D /* XCRemoteSwiftPackageReference "swift-nio-imap" */,
				E17C48996DC0DEFA6CF59246 /* XCRemoteSwiftPackageReference "swift-nio-ssl" */,
			);
			preferredProjectObjectVersion = 77;
			productRefGroup = 46660F53D031ECF79743F93C /* Products */;
			projectDirPath = "";
			projectRoot = "";
			targets = (
				148FB4CA6DD5085BB9C5EE7B /* MMail */,
				D91C03D350D1135915B86751 /* MMailTests */,
			);
		};
/* End PBXProject section */

/* Begin PBXResourcesBuildPhase section */
		83222411774B17276E88D741 /* Resources */ = {
			isa = PBXResourcesBuildPhase;
			buildActionMask = 2147483647;
			files = (
				146126565746E851913100B2 /* Assets.xcassets in Resources */,
				B76E5A7CF5E969E77F93542A /* darkreader.LICENSE in Resources */,
				57108C2E27377BD076B44C3E /* darkreader.js in Resources */,
			);
			runOnlyForDeploymentPostprocessing = 0;
		};
/* End PBXResourcesBuildPhase section */

/* Begin PBXSourcesBuildPhase section */
		34201C386DDFBBF1AACC8449 /* Sources */ = {
			isa = PBXSourcesBuildPhase;
			buildActionMask = 2147483647;
			files = (
				2D95098881FED17987917AE5 /* AvatarSpecTests.swift in Sources */,
				0A138B861E4C31CA30F57321 /* BodyCompletenessTests.swift in Sources */,
				CC65D37A489EE01B6F692FCB /* CIDInliningTests.swift in Sources */,
				5354C7D4409165444226CE30 /* ClassifyTests.swift in Sources */,
				B895E35C6C37202A764D5638 /* CleanLinkProperties.swift in Sources */,
				A02C2B60C8C14F2837DC3BCB /* DarkEngineFeasibilityTests.swift in Sources */,
				3A5F59074447F3A62FBE72D5 /* DarkEngineTests.swift in Sources */,
				5B362B36FF020226FF9BBBFB /* DedupByIdProperties.swift in Sources */,
				EC92A56103B0763DEEB778F6 /* DisplayFormattingTests.swift in Sources */,
				4DF7C8F96D531DF9CB1FF890 /* DockBadgeTests.swift in Sources */,
				D44F0647EB8CD4A4165C6230 /* ForAll.swift in Sources */,
				A0E4189C6C630B35D26E29B2 /* ForAllSmokeTests.swift in Sources */,
				176319134E244076A6D32A6D /* ForAllTests.swift in Sources */,
				2A1D47A6E753328E3CEA1704 /* Generators.swift in Sources */,
				FEE0524D7C46394D2AEC35DE /* GeneratorsTests.swift in Sources */,
				7375C6381362203E8216C3D0 /* ImageProxyTests.swift in Sources */,
				9A64757C7E1C42D9943F9967 /* MIMEProperties.swift in Sources */,
				3A71246EA78B2DFC1C0AC64E /* MenuModelTests.swift in Sources */,
				76B2A0A2CDF524DBCB4EE5E6 /* MoveStrategyTests.swift in Sources */,
				1F64783013E9A70E279347BB /* OpenInWindowSeamsTests.swift in Sources */,
				683D803BA3BF1064B65743A0 /* ParseRecipientsProperties.swift in Sources */,
				0596279E7155286C533087A5 /* ProxyConfigStateTests.swift in Sources */,
				C1D940DE4037688B2084641F /* ProxySecretStoreTests.swift in Sources */,
				2A1BAE094E6ACE80840E56C8 /* ReaderImageLoadStateTests.swift in Sources */,
				0C3D2D6DF305A9065ABEB1EF /* SeededRNG.swift in Sources */,
				19285F804F6884A30716E15E /* SeededRNGTests.swift in Sources */,
				F9D622A3054E831F4DE20D1E /* SmokeTests.swift in Sources */,
				DAA3EEFB210F90C7167740E9 /* TrustedSendersTests.swift in Sources */,
			);
			runOnlyForDeploymentPostprocessing = 0;
		};
		CBECEB013E788022F17ADD98 /* Sources */ = {
			isa = PBXSourcesBuildPhase;
			buildActionMask = 2147483647;
			files = (
				7816788B343DCF37413C00FA /* AccountRailView.swift in Sources */,
				17BB225EB35F1847D5C57B7E /* AddAccountView.swift in Sources */,
				E4A244B8CB12DB2C8DE2B069 /* AdvancedSearchView.swift in Sources */,
				BE505C010C09F6AFB384E8C9 /* AppModel.swift in Sources */,
				F7178A73DD13D48B77E377D0 /* Atoms.swift in Sources */,
				8AF18DAF53BE297222F01B80 /* AvatarSpec.swift in Sources */,
				664A0FAAB588C39E8CDC31C1 /* AvatarStore.swift in Sources */,
				28B813ABA7EE379BA20F8263 /* BodyCompleteness.swift in Sources */,
				1AA0F64652F74C64A77804D5 /* CIDInlining.swift in Sources */,
				C2E07547425A80AD42EAD413 /* CommandPaletteView.swift in Sources */,
				70289C8E18AFF23A0FF1E46B /* ComposeView.swift in Sources */,
				4ADCEF16D475A4D0532993BB /* DetachedReaderView.swift in Sources */,
				63C8FFCEDFECD21D7D7C351D /* EmailListView.swift in Sources */,
				27B06ECDFD164C61AE683DEB /* HTMLMessageView.swift in Sources */,
				6F7B251114D6AC0C0EC1DFCA /* HelpSheetView.swift in Sources */,
				5B6226FBAB07AC5F325B9A40 /* HomeView.swift in Sources */,
				249EC9BE7F8321C47676CAA9 /* IMAPService.swift in Sources */,
				0F7E81BAFA7C74724201EB54 /* IMAPSession.swift in Sources */,
				A727446EFD2A65F7EA7A2646 /* ImageProxy.swift in Sources */,
				79881C9E5E0484CBE5BEC329 /* JournalArchiveView.swift in Sources */,
				1DA1A0882FD4131DB44249F2 /* Keychain.swift in Sources */,
				61A5470686548D0923B9A374 /* MIME.swift in Sources */,
				6AB5697973DD2DFA70DCD13A /* MMailApp.swift in Sources */,
				61164E07C300ED30D2AED5D6 /* MailAccountConfig.swift in Sources */,
				724B0BD8337C5B7A22384EDC /* MailCache.swift in Sources */,
				82FD7DC1B326B431F597D040 /* MailProvider.swift in Sources */,
				61FA290401BCED1CB7485359 /* ManualAccountSetupView.swift in Sources */,
				EA40ADB097638019E587422A /* MenuModel.swift in Sources */,
				482809988F6EB437DA58D4CD /* MiscViews.swift in Sources */,
				D913BC78DC57ACB3CFAEAA8E /* Models.swift in Sources */,
				A531BB607FF979E32825D772 /* Notifier.swift in Sources */,
				8240DB9802A6B1CF6F49FCD3 /* OnboardingView.swift in Sources */,
				D15A8EBFB7A1D4BEDCD62E47 /* OutboxView.swift in Sources */,
				CC5ED000189ABA9C357BED33 /* PeopleView.swift in Sources */,
				5844B178DDB4EA9D3ADAFEB9 /* ProxyConfigState.swift in Sources */,
				83C3867C5B28CAD37E66AEB8 /* ProxySecretStore.swift in Sources */,
				839C08C0B268C946970A9C32 /* QuickLook.swift in Sources */,
				871F1CBE41DC465E669B1E5F /* ReaderImageLoadState.swift in Sources */,
				EDF6BA1F4277388005EA5BDA /* ReaderView.swift in Sources */,
				595D32D0D26325C50DC138BE /* RichTextEditor.swift in Sources */,
				4981A459A999FC4B8E9F5803 /* RootView.swift in Sources */,
				B0BA08AB466E59C9742A188D /* SMTPService.swift in Sources */,
				B7635E5A653911A58EC8EC63 /* SampleData.swift in Sources */,
				99D3EA2AB149562DAF3C6362 /* SearchResultsView.swift in Sources */,
				65C5F6F9035EF1353DB9307A /* SettingsView.swift in Sources */,
				B7A899BAA4C3DD629951E464 /* SidebarView.swift in Sources */,
				CC7DF28D10C2AA0AD23C18C8 /* Theme.swift in Sources */,
				E28D22590C335D17946A9353 /* TrustedSenders.swift in Sources */,
				536D999CA2DB6B43B547F476 /* WeatherService.swift in Sources */,
			);
			runOnlyForDeploymentPostprocessing = 0;
		};
/* End PBXSourcesBuildPhase section */

/* Begin PBXTargetDependency section */
		D5A71D2917BD940073E60C45 /* PBXTargetDependency */ = {
			isa = PBXTargetDependency;
			target = 148FB4CA6DD5085BB9C5EE7B /* MMail */;
			targetProxy = 8D23A89D2FFD2FDC63B73EE7 /* PBXContainerItemProxy */;
		};
/* End PBXTargetDependency section */

/* Begin XCBuildConfiguration section */
		44A1B7AD2C942FE2F89E8875 /* Debug */ = {
			isa = XCBuildConfiguration;
			buildSettings = {
				ALWAYS_SEARCH_USER_PATHS = NO;
				CLANG_ANALYZER_NONNULL = YES;
				CLANG_ANALYZER_NUMBER_OBJECT_CONVERSION = YES_AGGRESSIVE;
				CLANG_CXX_LANGUAGE_STANDARD = "gnu++14";
				CLANG_CXX_LIBRARY = "libc++";
				CLANG_ENABLE_MODULES = YES;
				CLANG_ENABLE_OBJC_ARC = YES;
				CLANG_ENABLE_OBJC_WEAK = YES;
				CLANG_WARN_BLOCK_CAPTURE_AUTORELEASING = YES;
				CLANG_WARN_BOOL_CONVERSION = YES;
				CLANG_WARN_COMMA = YES;
				CLANG_WARN_CONSTANT_CONVERSION = YES;
				CLANG_WARN_DEPRECATED_OBJC_IMPLEMENTATIONS = YES;
				CLANG_WARN_DIRECT_OBJC_ISA_USAGE = YES_ERROR;
				CLANG_WARN_DOCUMENTATION_COMMENTS = YES;
				CLANG_WARN_EMPTY_BODY = YES;
				CLANG_WARN_ENUM_CONVERSION = YES;
				CLANG_WARN_INFINITE_RECURSION = YES;
				CLANG_WARN_INT_CONVERSION = YES;
				CLANG_WARN_NON_LITERAL_NULL_CONVERSION = YES;
				CLANG_WARN_OBJC_IMPLICIT_RETAIN_SELF = YES;
				CLANG_WARN_OBJC_LITERAL_CONVERSION = YES;
				CLANG_WARN_OBJC_ROOT_CLASS = YES_ERROR;
				CLANG_WARN_QUOTED_INCLUDE_IN_FRAMEWORK_HEADER = YES;
				CLANG_WARN_RANGE_LOOP_ANALYSIS = YES;
				CLANG_WARN_STRICT_PROTOTYPES = YES;
				CLANG_WARN_SUSPICIOUS_MOVE = YES;
				CLANG_WARN_UNGUARDED_AVAILABILITY = YES_AGGRESSIVE;
				CLANG_WARN_UNREACHABLE_CODE = YES;
				CLANG_WARN__DUPLICATE_METHOD_MATCH = YES;
				CODE_SIGN_IDENTITY = "-";
				CODE_SIGN_STYLE = Automatic;
				COPY_PHASE_STRIP = NO;
				CURRENT_PROJECT_VERSION = 3;
				DEBUG_INFORMATION_FORMAT = dwarf;
				DEVELOPMENT_TEAM = "";
				ENABLE_HARDENED_RUNTIME = YES;
				ENABLE_STRICT_OBJC_MSGSEND = YES;
				ENABLE_TESTABILITY = YES;
				GCC_C_LANGUAGE_STANDARD = gnu11;
				GCC_DYNAMIC_NO_PIC = NO;
				GCC_NO_COMMON_BLOCKS = YES;
				GCC_OPTIMIZATION_LEVEL = 0;
				GCC_PREPROCESSOR_DEFINITIONS = (
					"$(inherited)",
					"DEBUG=1",
				);
				GCC_WARN_64_TO_32_BIT_CONVERSION = YES;
				GCC_WARN_ABOUT_RETURN_TYPE = YES_ERROR;
				GCC_WARN_UNDECLARED_SELECTOR = YES;
				GCC_WARN_UNINITIALIZED_AUTOS = YES_AGGRESSIVE;
				GCC_WARN_UNUSED_FUNCTION = YES;
				GCC_WARN_UNUSED_VARIABLE = YES;
				MACOSX_DEPLOYMENT_TARGET = 14.0;
				MARKETING_VERSION = 1.1.1;
				MTL_ENABLE_DEBUG_INFO = INCLUDE_SOURCE;
				MTL_FAST_MATH = YES;
				ONLY_ACTIVE_ARCH = YES;
				PRODUCT_NAME = "$(TARGET_NAME)";
				SDKROOT = macosx;
				SWIFT_ACTIVE_COMPILATION_CONDITIONS = DEBUG;
				SWIFT_OPTIMIZATION_LEVEL = "-Onone";
				SWIFT_VERSION = 5.0;
			};
			name = Debug;
		};
		774E9B38E666D16DA370DCB7 /* Release */ = {
			isa = XCBuildConfiguration;
			buildSettings = {
				ALWAYS_SEARCH_USER_PATHS = NO;
				CLANG_ANALYZER_NONNULL = YES;
				CLANG_ANALYZER_NUMBER_OBJECT_CONVERSION = YES_AGGRESSIVE;
				CLANG_CXX_LANGUAGE_STANDARD = "gnu++14";
				CLANG_CXX_LIBRARY = "libc++";
				CLANG_ENABLE_MODULES = YES;
				CLANG_ENABLE_OBJC_ARC = YES;
				CLANG_ENABLE_OBJC_WEAK = YES;
				CLANG_WARN_BLOCK_CAPTURE_AUTORELEASING = YES;
				CLANG_WARN_BOOL_CONVERSION = YES;
				CLANG_WARN_COMMA = YES;
				CLANG_WARN_CONSTANT_CONVERSION = YES;
				CLANG_WARN_DEPRECATED_OBJC_IMPLEMENTATIONS = YES;
				CLANG_WARN_DIRECT_OBJC_ISA_USAGE = YES_ERROR;
				CLANG_WARN_DOCUMENTATION_COMMENTS = YES;
				CLANG_WARN_EMPTY_BODY = YES;
				CLANG_WARN_ENUM_CONVERSION = YES;
				CLANG_WARN_INFINITE_RECURSION = YES;
				CLANG_WARN_INT_CONVERSION = YES;
				CLANG_WARN_NON_LITERAL_NULL_CONVERSION = YES;
				CLANG_WARN_OBJC_IMPLICIT_RETAIN_SELF = YES;
				CLANG_WARN_OBJC_LITERAL_CONVERSION = YES;
				CLANG_WARN_OBJC_ROOT_CLASS = YES_ERROR;
				CLANG_WARN_QUOTED_INCLUDE_IN_FRAMEWORK_HEADER = YES;
				CLANG_WARN_RANGE_LOOP_ANALYSIS = YES;
				CLANG_WARN_STRICT_PROTOTYPES = YES;
				CLANG_WARN_SUSPICIOUS_MOVE = YES;
				CLANG_WARN_UNGUARDED_AVAILABILITY = YES_AGGRESSIVE;
				CLANG_WARN_UNREACHABLE_CODE = YES;
				CLANG_WARN__DUPLICATE_METHOD_MATCH = YES;
				CODE_SIGN_IDENTITY = "-";
				CODE_SIGN_STYLE = Automatic;
				COPY_PHASE_STRIP = NO;
				CURRENT_PROJECT_VERSION = 3;
				DEBUG_INFORMATION_FORMAT = "dwarf-with-dsym";
				DEVELOPMENT_TEAM = "";
				ENABLE_HARDENED_RUNTIME = YES;
				ENABLE_NS_ASSERTIONS = NO;
				ENABLE_STRICT_OBJC_MSGSEND = YES;
				GCC_C_LANGUAGE_STANDARD = gnu11;
				GCC_NO_COMMON_BLOCKS = YES;
				GCC_WARN_64_TO_32_BIT_CONVERSION = YES;
				GCC_WARN_ABOUT_RETURN_TYPE = YES_ERROR;
				GCC_WARN_UNDECLARED_SELECTOR = YES;
				GCC_WARN_UNINITIALIZED_AUTOS = YES_AGGRESSIVE;
				GCC_WARN_UNUSED_FUNCTION = YES;
				GCC_WARN_UNUSED_VARIABLE = YES;
				MACOSX_DEPLOYMENT_TARGET = 14.0;
				MARKETING_VERSION = 1.1.1;
				MTL_ENABLE_DEBUG_INFO = NO;
				MTL_FAST_MATH = YES;
				PRODUCT_NAME = "$(TARGET_NAME)";
				SDKROOT = macosx;
				SWIFT_COMPILATION_MODE = wholemodule;
				SWIFT_OPTIMIZATION_LEVEL = "-O";
				SWIFT_VERSION = 5.0;
			};
			name = Release;
		};
		7D2879C17203073B38685440 /* Debug */ = {
			isa = XCBuildConfiguration;
			buildSettings = {
				ASSETCATALOG_COMPILER_APPICON_NAME = AppIcon;
				ASSETCATALOG_COMPILER_GENERATE_SWIFT_ASSET_SYMBOL_EXTENSIONS = YES;
				COMBINE_HIDPI_IMAGES = YES;
				ENABLE_PREVIEWS = YES;
				GENERATE_INFOPLIST_FILE = YES;
				INFOPLIST_KEY_CFBundleDisplayName = MMail;
				INFOPLIST_KEY_LSApplicationCategoryType = "public.app-category.productivity";
				INFOPLIST_KEY_NSHumanReadableCopyright = "";
				INFOPLIST_KEY_NSMainStoryboardFile = "";
				INFOPLIST_KEY_NSPrincipalClass = NSApplication;
				LD_RUNPATH_SEARCH_PATHS = (
					"$(inherited)",
					"@executable_path/../Frameworks",
				);
				PRODUCT_BUNDLE_IDENTIFIER = studio.cobalt.MMail;
				PRODUCT_NAME = MMail;
				SDKROOT = macosx;
			};
			name = Debug;
		};
		7DF6AC754907A8F1054B14BE /* Debug */ = {
			isa = XCBuildConfiguration;
			buildSettings = {
				BUNDLE_LOADER = "$(TEST_HOST)";
				COMBINE_HIDPI_IMAGES = YES;
				GENERATE_INFOPLIST_FILE = YES;
				LD_RUNPATH_SEARCH_PATHS = (
					"$(inherited)",
					"@executable_path/../Frameworks",
					"@loader_path/../Frameworks",
				);
				PRODUCT_BUNDLE_IDENTIFIER = studio.cobalt.MMailTests;
				SDKROOT = macosx;
				TEST_HOST = "$(BUILT_PRODUCTS_DIR)/MMail.app/Contents/MacOS/MMail";
			};
			name = Debug;
		};
		9B60D3BE76024BF4D6D93460 /* Release */ = {
			isa = XCBuildConfiguration;
			buildSettings = {
				BUNDLE_LOADER = "$(TEST_HOST)";
				COMBINE_HIDPI_IMAGES = YES;
				GENERATE_INFOPLIST_FILE = YES;
				LD_RUNPATH_SEARCH_PATHS = (
					"$(inherited)",
					"@executable_path/../Frameworks",
					"@loader_path/../Frameworks",
				);
				PRODUCT_BUNDLE_IDENTIFIER = studio.cobalt.MMailTests;
				SDKROOT = macosx;
				TEST_HOST = "$(BUILT_PRODUCTS_DIR)/MMail.app/Contents/MacOS/MMail";
			};
			name = Release;
		};
		E753678EB17468C3A11F8FF3 /* Release */ = {
			isa = XCBuildConfiguration;
			buildSettings = {
				ASSETCATALOG_COMPILER_APPICON_NAME = AppIcon;
				ASSETCATALOG_COMPILER_GENERATE_SWIFT_ASSET_SYMBOL_EXTENSIONS = YES;
				COMBINE_HIDPI_IMAGES = YES;
				ENABLE_PREVIEWS = YES;
				GENERATE_INFOPLIST_FILE = YES;
				INFOPLIST_KEY_CFBundleDisplayName = MMail;
				INFOPLIST_KEY_LSApplicationCategoryType = "public.app-category.productivity";
				INFOPLIST_KEY_NSHumanReadableCopyright = "";
				INFOPLIST_KEY_NSMainStoryboardFile = "";
				INFOPLIST_KEY_NSPrincipalClass = NSApplication;
				LD_RUNPATH_SEARCH_PATHS = (
					"$(inherited)",
					"@executable_path/../Frameworks",
				);
				PRODUCT_BUNDLE_IDENTIFIER = studio.cobalt.MMail;
				PRODUCT_NAME = MMail;
				SDKROOT = macosx;
			};
			name = Release;
		};
/* End XCBuildConfiguration section */

/* Begin XCConfigurationList section */
		43348D316485994AFE82BECB /* Build configuration list for PBXProject "MMail" */ = {
			isa = XCConfigurationList;
			buildConfigurations = (
				44A1B7AD2C942FE2F89E8875 /* Debug */,
				774E9B38E666D16DA370DCB7 /* Release */,
			);
			defaultConfigurationIsVisible = 0;
			defaultConfigurationName = Debug;
		};
		4B3635B7371636B85C988679 /* Build configuration list for PBXNativeTarget "MMail" */ = {
			isa = XCConfigurationList;
			buildConfigurations = (
				7D2879C17203073B38685440 /* Debug */,
				E753678EB17468C3A11F8FF3 /* Release */,
			);
			defaultConfigurationIsVisible = 0;
			defaultConfigurationName = Debug;
		};
		F5F88DFEE52183F56E3542C5 /* Build configuration list for PBXNativeTarget "MMailTests" */ = {
			isa = XCConfigurationList;
			buildConfigurations = (
				7DF6AC754907A8F1054B14BE /* Debug */,
				9B60D3BE76024BF4D6D93460 /* Release */,
			);
			defaultConfigurationIsVisible = 0;
			defaultConfigurationName = Debug;
		};
/* End XCConfigurationList section */

/* Begin XCRemoteSwiftPackageReference section */
		336930C2BC13A236B0D4EA6C /* XCRemoteSwiftPackageReference "swift-nio" */ = {
			isa = XCRemoteSwiftPackageReference;
			repositoryURL = "https://github.com/apple/swift-nio";
			requirement = {
				kind = upToNextMajorVersion;
				minimumVersion = 2.64.0;
			};
		};
		E17C48996DC0DEFA6CF59246 /* XCRemoteSwiftPackageReference "swift-nio-ssl" */ = {
			isa = XCRemoteSwiftPackageReference;
			repositoryURL = "https://github.com/apple/swift-nio-ssl";
			requirement = {
				kind = upToNextMajorVersion;
				minimumVersion = 2.24.0;
			};
		};
		EBE3F90D2D7C25E1ADD84C5D /* XCRemoteSwiftPackageReference "swift-nio-imap" */ = {
			isa = XCRemoteSwiftPackageReference;
			repositoryURL = "https://github.com/apple/swift-nio-imap";
			requirement = {
				kind = revision;
				revision = 01de1f9a29df31f77e87c2d9248940de7233ee1e;
			};
		};
/* End XCRemoteSwiftPackageReference section */

/* Begin XCSwiftPackageProductDependency section */
		27C0C790440FEB4DA4927CA2 /* NIOPosix */ = {
			isa = XCSwiftPackageProductDependency;
			package = 336930C2BC13A236B0D4EA6C /* XCRemoteSwiftPackageReference "swift-nio" */;
			productName = NIOPosix;
		};
		754158880378BA0D8626FFB3 /* NIO */ = {
			isa = XCSwiftPackageProductDependency;
			package = 336930C2BC13A236B0D4EA6C /* XCRemoteSwiftPackageReference "swift-nio" */;
			productName = NIO;
		};
		7F67843ADB475401132163CE /* NIOSSL */ = {
			isa = XCSwiftPackageProductDependency;
			package = E17C48996DC0DEFA6CF59246 /* XCRemoteSwiftPackageReference "swift-nio-ssl" */;
			productName = NIOSSL;
		};
		95385FAB221056A9B50D7261 /* NIOIMAP */ = {
			isa = XCSwiftPackageProductDependency;
			package = EBE3F90D2D7C25E1ADD84C5D /* XCRemoteSwiftPackageReference "swift-nio-imap" */;
			productName = NIOIMAP;
		};
		F42875495E2357EB4CCAA6AE /* NIOCore */ = {
			isa = XCSwiftPackageProductDependency;
			package = 336930C2BC13A236B0D4EA6C /* XCRemoteSwiftPackageReference "swift-nio" */;
			productName = NIOCore;
		};
/* End XCSwiftPackageProductDependency section */
	};
	rootObject = 7F210DE68C92080F2962BB1C /* Project object */;
}
